
Microsoft Visual Studio Solution File, Format Version 12.00
# Visual Studio 15
VisualStudioVersion = 15.0.28307.421
MinimumVisualStudioVersion = 10.0.40219.1
Project("{FAE04EC0-301F-11D3-BF4B-00C04F79EFBC}") = "MSTeamsRampUp", "MSTeamsRampUp\MSTeamsRampUp.csproj", "{8CA709A5-1CD5-4A6A-8A7E-AF41A51D7610}"
EndProject
Global
	GlobalSection(SolutionConfigurationPlatforms) = preSolution
		Debug|Any CPU = Debug|Any CPU
		Release|Any CPU = Release|Any CPU
	EndGlobalSection
	GlobalSection(ProjectConfigurationPlatforms) = postSolution
		{8CA709A5-1CD5-4A6A-8A7E-AF41A51D7610}.Debug|Any CPU.ActiveCfg = Debug|Any CPU
		{8CA709A5-1CD5-4A6A-8A7E-AF41A51D7610}.Debug|Any CPU.Build.0 = Debug|Any CPU
		{8CA709A5-1CD5-4A6A-8A7E-AF41A51D7610}.Release|Any CPU.ActiveCfg = Release|Any CPU
		{8CA709A5-1CD5-4A6A-8A7E-AF41A51D7610}.Release|Any CPU.Build.0 = Release|Any CPU
	EndGlobalSection
	GlobalSection(SolutionProperties) = preSolution
		HideSolutionNode = FALSE
	EndGlobalSection
	GlobalSection(ExtensibilityGlobals) = postSolution
		SolutionGuid = {7979AA86-6F31-4262-BFF3-B5D21BC5E8D2}
	EndGlobalSection
EndGlobal
